
Microsoft Visual Studio Solution File, Format Version 12.00
Project("{FAE04EC0-301F-11D3-BF4B-00C04F79EFBC}") = "AoC2022", "AoC2022\AoC2022.csproj", "{9CC6DD92-7C5C-408F-8E8B-64756CF8C5CA}"
EndProject
Global
	GlobalSection(SolutionConfigurationPlatforms) = preSolution
		Debug|Any CPU = Debug|Any CPU
		Release|Any CPU = Release|Any CPU
	EndGlobalSection
	GlobalSection(ProjectConfigurationPlatforms) = postSolution
		{9CC6DD92-7C5C-408F-8E8B-64756CF8C5CA}.Debug|Any CPU.ActiveCfg = Debug|Any CPU
		{9CC6DD92-7C5C-408F-8E8B-64756CF8C5CA}.Debug|Any CPU.Build.0 = Debug|Any CPU
		{9CC6DD92-7C5C-408F-8E8B-64756CF8C5CA}.Release|Any CPU.ActiveCfg = Release|Any CPU
		{9CC6DD92-7C5C-408F-8E8B-64756CF8C5CA}.Release|Any CPU.Build.0 = Release|Any CPU
	EndGlobalSection
EndGlobal
